
Microsoft Visual Studio Solution File, Format Version 12.00
Project("{FAE04EC0-301F-11D3-BF4B-00C04F79EFBC}") = "GradeCalculatorApp.Api", "GradeCalculatorApp.Api\GradeCalculatorApp.Api.csproj", "{7430B5C2-0244-464C-ADC5-4882B0FB2FBB}"
EndProject
Project("{FAE04EC0-301F-11D3-BF4B-00C04F79EFBC}") = "GradeCalculatorApp.Data", "GradeCalculatorApp.Data\GradeCalculatorApp.Data.csproj", "{6A445391-E29F-4CE5-8278-C9275EEDC66A}"
EndProject
Project("{FAE04EC0-301F-11D3-BF4B-00C04F79EFBC}") = "GradeCalculatorApp.EnumLibrary", "GradeCalculatorApp.EnumLibrary\GradeCalculatorApp.EnumLibrary.csproj", "{B4D91D08-8EF2-478C-82E1-DF3E1B537E4B}"
EndProject
Global
	GlobalSection(SolutionConfigurationPlatforms) = preSolution
		Debug|Any CPU = Debug|Any CPU
		Release|Any CPU = Release|Any CPU
	EndGlobalSection
	GlobalSection(ProjectConfigurationPlatforms) = postSolution
		{7430B5C2-0244-464C-ADC5-4882B0FB2FBB}.Debug|Any CPU.ActiveCfg = Debug|Any CPU
		{7430B5C2-0244-464C-ADC5-4882B0FB2FBB}.Debug|Any CPU.Build.0 = Debug|Any CPU
		{7430B5C2-0244-464C-ADC5-4882B0FB2FBB}.Release|Any CPU.ActiveCfg = Release|Any CPU
		{7430B5C2-0244-464C-ADC5-4882B0FB2FBB}.Release|Any CPU.Build.0 = Release|Any CPU
		{6A445391-E29F-4CE5-8278-C9275EEDC66A}.Debug|Any CPU.ActiveCfg = Debug|Any CPU
		{6A445391-E29F-4CE5-8278-C9275EEDC66A}.Debug|Any CPU.Build.0 = Debug|Any CPU
		{6A445391-E29F-4CE5-8278-C9275EEDC66A}.Release|Any CPU.ActiveCfg = Release|Any CPU
		{6A445391-E29F-4CE5-8278-C9275EEDC66A}.Release|Any CPU.Build.0 = Release|Any CPU
		{B4D91D08-8EF2-478C-82E1-DF3E1B537E4B}.Debug|Any CPU.ActiveCfg = Debug|Any CPU
		{B4D91D08-8EF2-478C-82E1-DF3E1B537E4B}.Debug|Any CPU.Build.0 = Debug|Any CPU
		{B4D91D08-8EF2-478C-82E1-DF3E1B537E4B}.Release|Any CPU.ActiveCfg = Release|Any CPU
		{B4D91D08-8EF2-478C-82E1-DF3E1B537E4B}.Release|Any CPU.Build.0 = Release|Any CPU
	EndGlobalSection
EndGlobal
